
Microsoft Visual Studio Solution File, Format Version 12.00
# Visual Studio Version 16
VisualStudioVersion = 16.0.31019.35
MinimumVisualStudioVersion = 10.0.40219.1
Project("{FAE04EC0-301F-11D3-BF4B-00C04F79EFBC}") = "H1WebPage", "H1WebPage\H1WebPage.csproj", "{853ACEE0-63DB-4379-88A9-1CE8F7353C41}"
EndProject
Global
	GlobalSection(SolutionConfigurationPlatforms) = preSolution
		Debug|Any CPU = Debug|Any CPU
		Release|Any CPU = Release|Any CPU
	EndGlobalSection
	GlobalSection(ProjectConfigurationPlatforms) = postSolution
		{853ACEE0-63DB-4379-88A9-1CE8F7353C41}.Debug|Any CPU.ActiveCfg = Debug|Any CPU
		{853ACEE0-63DB-4379-88A9-1CE8F7353C41}.Debug|Any CPU.Build.0 = Debug|Any CPU
		{853ACEE0-63DB-4379-88A9-1CE8F7353C41}.Release|Any CPU.ActiveCfg = Release|Any CPU
		{853ACEE0-63DB-4379-88A9-1CE8F7353C41}.Release|Any CPU.Build.0 = Release|Any CPU
	EndGlobalSection
	GlobalSection(SolutionProperties) = preSolution
		HideSolutionNode = FALSE
	EndGlobalSection
	GlobalSection(ExtensibilityGlobals) = postSolution
		SolutionGuid = {D06847F6-F0FE-4EB0-82C4-D76EA076DE6C}
	EndGlobalSection
EndGlobal
